Microsoft Visual Studio Solution File, Format Version 11.00
# Visual Studio 2008

Project("{38D5B32F-B91F-D603-C0DC-839C69C207E6}") = "BobCapstoneGame", "Assembly-CSharp.csproj", "{CC393A4B-3E59-CFA6-C939-E6EC11679DF7}"
EndProject
Project("{38D5B32F-B91F-D603-C0DC-839C69C207E6}") = "BobCapstoneGame", "Assembly-UnityScript.unityproj", "{8728E452-D63A-0624-3585-391A3B1133B6}"
EndProject
Global
	GlobalSection(SolutionConfigurationPlatforms) = preSolution
		Debug|Any CPU = Debug|Any CPU
		Release|Any CPU = Release|Any CPU
	EndGlobalSection
	GlobalSection(ProjectConfigurationPlatforms) = postSolution
		{CC393A4B-3E59-CFA6-C939-E6EC11679DF7}.Debug|Any CPU.ActiveCfg = Debug|Any CPU
		{CC393A4B-3E59-CFA6-C939-E6EC11679DF7}.Debug|Any CPU.Build.0 = Debug|Any CPU
		{CC393A4B-3E59-CFA6-C939-E6EC11679DF7}.Release|Any CPU.ActiveCfg = Release|Any CPU
		{CC393A4B-3E59-CFA6-C939-E6EC11679DF7}.Release|Any CPU.Build.0 = Release|Any CPU
		{8728E452-D63A-0624-3585-391A3B1133B6}.Debug|Any CPU.ActiveCfg = Debug|Any CPU
		{8728E452-D63A-0624-3585-391A3B1133B6}.Debug|Any CPU.Build.0 = Debug|Any CPU
		{8728E452-D63A-0624-3585-391A3B1133B6}.Release|Any CPU.ActiveCfg = Release|Any CPU
		{8728E452-D63A-0624-3585-391A3B1133B6}.Release|Any CPU.Build.0 = Release|Any CPU
	EndGlobalSection
	GlobalSection(SolutionProperties) = preSolution
		HideSolutionNode = FALSE
	EndGlobalSection
	GlobalSection(MonoDevelopProperties) = preSolution
		StartupItem = Assembly-CSharp.csproj
	EndGlobalSection
EndGlobal
